
Microsoft Visual Studio Solution File, Format Version 12.00
# Visual Studio 14
VisualStudioVersion = 14.0.25420.1
MinimumVisualStudioVersion = 10.0.40219.1
Project("{2150E333-8FDC-42A3-9474-1A3956D46DE8}") = "0 - Apresentação", "0 - Apresentação", "{7D5F33A6-4D60-4817-8971-A60BAF430364}"
EndProject
Project("{2150E333-8FDC-42A3-9474-1A3956D46DE8}") = "2 - Aplicação", "2 - Aplicação", "{74B7C834-2D4B-4CEA-910F-423E939AE2BE}"
EndProject
Project("{2150E333-8FDC-42A3-9474-1A3956D46DE8}") = "3 - Domínio", "3 - Domínio", "{28C2723D-A5FA-4531-A1EE-C60D060DDFB7}"
EndProject
Project("{2150E333-8FDC-42A3-9474-1A3956D46DE8}") = "4 - Infra", "4 - Infra", "{7A606880-B455-4518-99FF-5DDD48A52EBB}"
EndProject
Project("{2150E333-8FDC-42A3-9474-1A3956D46DE8}") = "4.1 - Data", "4.1 - Data", "{3641B5AA-211C-4F93-BE2E-C7842DB4A001}"
EndProject
Project("{2150E333-8FDC-42A3-9474-1A3956D46DE8}") = "4.2 - Camadas", "4.2 - Camadas", "{1EBA2826-0A30-4A02-8612-0D04A7981D7B}"
EndProject
Project("{FAE04EC0-301F-11D3-BF4B-00C04F79EFBC}") = "ProjetoDotNetUnidade2.MVC.DDD", "ProjetoDotNetUnidade2.MVC.DDD\ProjetoDotNetUnidade2.MVC.DDD.csproj", "{E73C0FDA-7379-4672-9E1E-88FD8D15B64F}"
EndProject
Project("{FAE04EC0-301F-11D3-BF4B-00C04F79EFBC}") = "ProjetoDotNetUnidade2DDD.dominio", "ProjetoDotNetUnidade2DDD.dominio\ProjetoDotNetUnidade2DDD.dominio.csproj", "{36EE7736-B23B-4548-91F8-514F2F557596}"
EndProject
Project("{FAE04EC0-301F-11D3-BF4B-00C04F79EFBC}") = "ProjetoDotNetUnidade2.Infra.Data", "ProjetoDotNetUnidade2.Infra.Data\ProjetoDotNetUnidade2.Infra.Data.csproj", "{43DC9650-8C59-4F10-B472-C402411927C5}"
EndProject
Project("{FAE04EC0-301F-11D3-BF4B-00C04F79EFBC}") = "ProjetoDotNetUnidade2DDD.Aplicacao", "ProjetoDotNetUnidade2DDD.Aplicacao\ProjetoDotNetUnidade2DDD.Aplicacao.csproj", "{56441A04-8BEE-4445-94D2-5BA964F08EA2}"
EndProject
Global
	GlobalSection(SolutionConfigurationPlatforms) = preSolution
		Debug|Any CPU = Debug|Any CPU
		Release|Any CPU = Release|Any CPU
	EndGlobalSection
	GlobalSection(ProjectConfigurationPlatforms) = postSolution
		{E73C0FDA-7379-4672-9E1E-88FD8D15B64F}.Debug|Any CPU.ActiveCfg = Debug|Any CPU
		{E73C0FDA-7379-4672-9E1E-88FD8D15B64F}.Debug|Any CPU.Build.0 = Debug|Any CPU
		{E73C0FDA-7379-4672-9E1E-88FD8D15B64F}.Release|Any CPU.ActiveCfg = Release|Any CPU
		{E73C0FDA-7379-4672-9E1E-88FD8D15B64F}.Release|Any CPU.Build.0 = Release|Any CPU
		{36EE7736-B23B-4548-91F8-514F2F557596}.Debug|Any CPU.ActiveCfg = Debug|Any CPU
		{36EE7736-B23B-4548-91F8-514F2F557596}.Debug|Any CPU.Build.0 = Debug|Any CPU
		{36EE7736-B23B-4548-91F8-514F2F557596}.Release|Any CPU.ActiveCfg = Release|Any CPU
		{36EE7736-B23B-4548-91F8-514F2F557596}.Release|Any CPU.Build.0 = Release|Any CPU
		{43DC9650-8C59-4F10-B472-C402411927C5}.Debug|Any CPU.ActiveCfg = Debug|Any CPU
		{43DC9650-8C59-4F10-B472-C402411927C5}.Debug|Any CPU.Build.0 = Debug|Any CPU
		{43DC9650-8C59-4F10-B472-C402411927C5}.Release|Any CPU.ActiveCfg = Release|Any CPU
		{43DC9650-8C59-4F10-B472-C402411927C5}.Release|Any CPU.Build.0 = Release|Any CPU
		{56441A04-8BEE-4445-94D2-5BA964F08EA2}.Debug|Any CPU.ActiveCfg = Debug|Any CPU
		{56441A04-8BEE-4445-94D2-5BA964F08EA2}.Debug|Any CPU.Build.0 = Debug|Any CPU
		{56441A04-8BEE-4445-94D2-5BA964F08EA2}.Release|Any CPU.ActiveCfg = Release|Any CPU
		{56441A04-8BEE-4445-94D2-5BA964F08EA2}.Release|Any CPU.Build.0 = Release|Any CPU
	EndGlobalSection
	GlobalSection(SolutionProperties) = preSolution
		HideSolutionNode = FALSE
	EndGlobalSection
	GlobalSection(NestedProjects) = preSolution
		{3641B5AA-211C-4F93-BE2E-C7842DB4A001} = {7A606880-B455-4518-99FF-5DDD48A52EBB}
		{1EBA2826-0A30-4A02-8612-0D04A7981D7B} = {7A606880-B455-4518-99FF-5DDD48A52EBB}
		{E73C0FDA-7379-4672-9E1E-88FD8D15B64F} = {7D5F33A6-4D60-4817-8971-A60BAF430364}
		{36EE7736-B23B-4548-91F8-514F2F557596} = {28C2723D-A5FA-4531-A1EE-C60D060DDFB7}
		{43DC9650-8C59-4F10-B472-C402411927C5} = {3641B5AA-211C-4F93-BE2E-C7842DB4A001}
		{56441A04-8BEE-4445-94D2-5BA964F08EA2} = {74B7C834-2D4B-4CEA-910F-423E939AE2BE}
	EndGlobalSection
EndGlobal
